
Microsoft Visual Studio Solution File, Format Version 12.00
# Visual Studio Version 17
VisualStudioVersion = 17.12.35707.178 d17.12
MinimumVisualStudioVersion = 10.0.40219.1
Project("{FAE04EC0-301F-11D3-BF4B-00C04F79EFBC}") = "TranVanBang_De2", "TranVanBang_De2.csproj", "{DA4507BF-980A-4E95-8057-A511C79BC4CA}"
EndProject
Global
	GlobalSection(SolutionConfigurationPlatforms) = preSolution
		Debug|Any CPU = Debug|Any CPU
		Release|Any CPU = Release|Any CPU
	EndGlobalSection
	GlobalSection(ProjectConfigurationPlatforms) = postSolution
		{DA4507BF-980A-4E95-8057-A511C79BC4CA}.Debug|Any CPU.ActiveCfg = Debug|Any CPU
		{DA4507BF-980A-4E95-8057-A511C79BC4CA}.Debug|Any CPU.Build.0 = Debug|Any CPU
		{DA4507BF-980A-4E95-8057-A511C79BC4CA}.Release|Any CPU.ActiveCfg = Release|Any CPU
		{DA4507BF-980A-4E95-8057-A511C79BC4CA}.Release|Any CPU.Build.0 = Release|Any CPU
	EndGlobalSection
	GlobalSection(SolutionProperties) = preSolution
		HideSolutionNode = FALSE
	EndGlobalSection
EndGlobal
